Microsoft Visual Studio Solution File, Format Version 10.00
# Visual Studio 2008

Project("{9CBAD998-D281-1FB3-AE6C-7C5392B82DC0}") = "Thomas Colligan 3D World", "Thomas Colligan 3D World.csproj", "{F07E1F9D-86A2-BD93-8333-C7E5C1730FC3}"
EndProject
Global
	GlobalSection(SolutionConfigurationPlatforms) = preSolution
		Debug|Any CPU = Debug|Any CPU
		Release|Any CPU = Release|Any CPU
	EndGlobalSection
	GlobalSection(ProjectConfigurationPlatforms) = postSolution
		{F07E1F9D-86A2-BD93-8333-C7E5C1730FC3}.Debug|Any CPU.ActiveCfg = Debug|Any CPU
		{F07E1F9D-86A2-BD93-8333-C7E5C1730FC3}.Debug|Any CPU.Build.0 = Debug|Any CPU
		{F07E1F9D-86A2-BD93-8333-C7E5C1730FC3}.Release|Any CPU.ActiveCfg = Release|Any CPU
		{F07E1F9D-86A2-BD93-8333-C7E5C1730FC3}.Release|Any CPU.Build.0 = Release|Any CPU
	EndGlobalSection
	GlobalSection(SolutionProperties) = preSolution
		HideSolutionNode = FALSE
	EndGlobalSection
	
EndGlobal
